
Microsoft Visual Studio Solution File, Format Version 12.00
# Visual Studio Version 16
VisualStudioVersion = 16.0.31729.503
MinimumVisualStudioVersion = 10.0.40219.1
Project("{9A19103F-16F7-4668-BE54-9A1E7A4F7556}") = "DayDifferenceBetweenDates", "DayDifferenceBetweenDates\DayDifferenceBetweenDates.csproj", "{208CCBAD-8EAF-4313-A243-6E1381C94F00}"
EndProject
Project("{2150E333-8FDC-42A3-9474-1A3956D46DE8}") = "Solution Items", "Solution Items", "{4D3C0994-B2CC-4C9F-9D3E-881FD2F6181C}"
	ProjectSection(SolutionItems) = preProject
		README.txt = README.txt
	EndProjectSection
EndProject
Global
	GlobalSection(SolutionConfigurationPlatforms) = preSolution
		Debug|Any CPU = Debug|Any CPU
		Release|Any CPU = Release|Any CPU
	EndGlobalSection
	GlobalSection(ProjectConfigurationPlatforms) = postSolution
		{208CCBAD-8EAF-4313-A243-6E1381C94F00}.Debug|Any CPU.ActiveCfg = Debug|Any CPU
		{208CCBAD-8EAF-4313-A243-6E1381C94F00}.Debug|Any CPU.Build.0 = Debug|Any CPU
		{208CCBAD-8EAF-4313-A243-6E1381C94F00}.Release|Any CPU.ActiveCfg = Release|Any CPU
		{208CCBAD-8EAF-4313-A243-6E1381C94F00}.Release|Any CPU.Build.0 = Release|Any CPU
	EndGlobalSection
	GlobalSection(SolutionProperties) = preSolution
		HideSolutionNode = FALSE
	EndGlobalSection
	GlobalSection(ExtensibilityGlobals) = postSolution
		SolutionGuid = {8BE466A6-454D-4D10-AED8-ED5339C06DA8}
	EndGlobalSection
EndGlobal
